
Microsoft Visual Studio Solution File, Format Version 12.00
# Visual Studio 2012
Project("{FAE04EC0-301F-11D3-BF4B-00C04F79EFBC}") = "NF.Shared", "NF.Shared\NF.Shared.csproj", "{73C3DD5E-E166-413B-ADA5-955AA84A5F06}"
EndProject
Project("{FAE04EC0-301F-11D3-BF4B-00C04F79EFBC}") = "NF.iOS", "NF.iOS\NF.iOS.csproj", "{D8C37633-1B4B-4706-95F2-396BEEC5C42B}"
EndProject
Global
	GlobalSection(SolutionConfigurationPlatforms) = preSolution
		Debug|Any CPU = Debug|Any CPU
		Release|Any CPU = Release|Any CPU
		Debug|iPhoneSimulator = Debug|iPhoneSimulator
		Release|iPhone = Release|iPhone
		Release|iPhoneSimulator = Release|iPhoneSimulator
		Debug|iPhone = Debug|iPhone
	EndGlobalSection
	GlobalSection(ProjectConfigurationPlatforms) = postSolution
		{73C3DD5E-E166-413B-ADA5-955AA84A5F06}.Debug|Any CPU.ActiveCfg = Debug|Any CPU
		{73C3DD5E-E166-413B-ADA5-955AA84A5F06}.Debug|Any CPU.Build.0 = Debug|Any CPU
		{73C3DD5E-E166-413B-ADA5-955AA84A5F06}.Release|Any CPU.ActiveCfg = Release|Any CPU
		{73C3DD5E-E166-413B-ADA5-955AA84A5F06}.Release|Any CPU.Build.0 = Release|Any CPU
		{73C3DD5E-E166-413B-ADA5-955AA84A5F06}.Debug|iPhoneSimulator.ActiveCfg = Debug|Any CPU
		{73C3DD5E-E166-413B-ADA5-955AA84A5F06}.Debug|iPhoneSimulator.Build.0 = Debug|Any CPU
		{73C3DD5E-E166-413B-ADA5-955AA84A5F06}.Release|iPhone.ActiveCfg = Release|Any CPU
		{73C3DD5E-E166-413B-ADA5-955AA84A5F06}.Release|iPhone.Build.0 = Release|Any CPU
		{73C3DD5E-E166-413B-ADA5-955AA84A5F06}.Release|iPhoneSimulator.ActiveCfg = Release|Any CPU
		{73C3DD5E-E166-413B-ADA5-955AA84A5F06}.Release|iPhoneSimulator.Build.0 = Release|Any CPU
		{73C3DD5E-E166-413B-ADA5-955AA84A5F06}.Debug|iPhone.ActiveCfg = Debug|Any CPU
		{73C3DD5E-E166-413B-ADA5-955AA84A5F06}.Debug|iPhone.Build.0 = Debug|Any CPU
		{D8C37633-1B4B-4706-95F2-396BEEC5C42B}.Debug|Any CPU.ActiveCfg = Debug|iPhoneSimulator
		{D8C37633-1B4B-4706-95F2-396BEEC5C42B}.Debug|Any CPU.Build.0 = Debug|iPhoneSimulator
		{D8C37633-1B4B-4706-95F2-396BEEC5C42B}.Release|Any CPU.ActiveCfg = Release|iPhone
		{D8C37633-1B4B-4706-95F2-396BEEC5C42B}.Release|Any CPU.Build.0 = Release|iPhone
		{D8C37633-1B4B-4706-95F2-396BEEC5C42B}.Debug|iPhoneSimulator.ActiveCfg = Debug|iPhoneSimulator
		{D8C37633-1B4B-4706-95F2-396BEEC5C42B}.Debug|iPhoneSimulator.Build.0 = Debug|iPhoneSimulator
		{D8C37633-1B4B-4706-95F2-396BEEC5C42B}.Release|iPhone.ActiveCfg = Release|iPhone
		{D8C37633-1B4B-4706-95F2-396BEEC5C42B}.Release|iPhone.Build.0 = Release|iPhone
		{D8C37633-1B4B-4706-95F2-396BEEC5C42B}.Release|iPhoneSimulator.ActiveCfg = Release|iPhoneSimulator
		{D8C37633-1B4B-4706-95F2-396BEEC5C42B}.Release|iPhoneSimulator.Build.0 = Release|iPhoneSimulator
		{D8C37633-1B4B-4706-95F2-396BEEC5C42B}.Debug|iPhone.ActiveCfg = Debug|iPhone
		{D8C37633-1B4B-4706-95F2-396BEEC5C42B}.Debug|iPhone.Build.0 = Debug|iPhone
	EndGlobalSection
EndGlobal
